
Microsoft Visual Studio Solution File, Format Version 12.00
# Visual Studio Version 17
VisualStudioVersion = 17.11.35219.272
MinimumVisualStudioVersion = 10.0.40219.1
Project("{9A19103F-16F7-4668-BE54-9A1E7A4F7556}") = "RestaurantApp", "RestaurantApp\RestaurantApp.csproj", "{A1AB7770-7F58-414C-B314-A92F8DE5862B}"
EndProject
Project("{FAE04EC0-301F-11D3-BF4B-00C04F79EFBC}") = "RestaurantApp.Api", "RestaurantApp.Api\RestaurantApp.Api.csproj", "{0169BBC0-4421-47CC-A920-08F548F72797}"
EndProject
Project("{FAE04EC0-301F-11D3-BF4B-00C04F79EFBC}") = "RestaurantApp.Core", "RestaurantApp.Core\RestaurantApp.Core.csproj", "{B2BFD0F9-6A9C-4A95-ABC8-358326B8AB8F}"
EndProject
Project("{FAE04EC0-301F-11D3-BF4B-00C04F79EFBC}") = "RestaurantApp.Infrastructure", "RestaurantApp.Infrastructure\RestaurantApp.Infrastructure.csproj", "{CA92D96E-D794-4963-A701-2D15DEB5C442}"
EndProject
Global
	GlobalSection(SolutionConfigurationPlatforms) = preSolution
		Debug|Any CPU = Debug|Any CPU
		Release|Any CPU = Release|Any CPU
	EndGlobalSection
	GlobalSection(ProjectConfigurationPlatforms) = postSolution
		{A1AB7770-7F58-414C-B314-A92F8DE5862B}.Debug|Any CPU.ActiveCfg = Debug|Any CPU
		{A1AB7770-7F58-414C-B314-A92F8DE5862B}.Debug|Any CPU.Build.0 = Debug|Any CPU
		{A1AB7770-7F58-414C-B314-A92F8DE5862B}.Debug|Any CPU.Deploy.0 = Debug|Any CPU
		{A1AB7770-7F58-414C-B314-A92F8DE5862B}.Release|Any CPU.ActiveCfg = Release|Any CPU
		{A1AB7770-7F58-414C-B314-A92F8DE5862B}.Release|Any CPU.Build.0 = Release|Any CPU
		{A1AB7770-7F58-414C-B314-A92F8DE5862B}.Release|Any CPU.Deploy.0 = Release|Any CPU
		{0169BBC0-4421-47CC-A920-08F548F72797}.Debug|Any CPU.ActiveCfg = Debug|Any CPU
		{0169BBC0-4421-47CC-A920-08F548F72797}.Debug|Any CPU.Build.0 = Debug|Any CPU
		{0169BBC0-4421-47CC-A920-08F548F72797}.Release|Any CPU.ActiveCfg = Release|Any CPU
		{0169BBC0-4421-47CC-A920-08F548F72797}.Release|Any CPU.Build.0 = Release|Any CPU
		{B2BFD0F9-6A9C-4A95-ABC8-358326B8AB8F}.Debug|Any CPU.ActiveCfg = Debug|Any CPU
		{B2BFD0F9-6A9C-4A95-ABC8-358326B8AB8F}.Debug|Any CPU.Build.0 = Debug|Any CPU
		{B2BFD0F9-6A9C-4A95-ABC8-358326B8AB8F}.Release|Any CPU.ActiveCfg = Release|Any CPU
		{B2BFD0F9-6A9C-4A95-ABC8-358326B8AB8F}.Release|Any CPU.Build.0 = Release|Any CPU
		{CA92D96E-D794-4963-A701-2D15DEB5C442}.Debug|Any CPU.ActiveCfg = Debug|Any CPU
		{CA92D96E-D794-4963-A701-2D15DEB5C442}.Debug|Any CPU.Build.0 = Debug|Any CPU
		{CA92D96E-D794-4963-A701-2D15DEB5C442}.Release|Any CPU.ActiveCfg = Release|Any CPU
		{CA92D96E-D794-4963-A701-2D15DEB5C442}.Release|Any CPU.Build.0 = Release|Any CPU
	EndGlobalSection
	GlobalSection(SolutionProperties) = preSolution
		HideSolutionNode = FALSE
	EndGlobalSection
	GlobalSection(ExtensibilityGlobals) = postSolution
		SolutionGuid = {5B937611-5854-40B1-AAA2-C81623F93C42}
	EndGlobalSection
EndGlobal
